
Microsoft Visual Studio Solution File, Format Version 12.00
# Visual Studio Version 17
VisualStudioVersion = 17.0.31903.59
MinimumVisualStudioVersion = 10.0.40219.1
Project("{9A19103F-16F7-4668-BE54-9A1E7A4F7556}") = "Altkom.Shopper.Api", "Altkom.Shopper.Api\Altkom.Shopper.Api.csproj", "{96A4923D-EF3C-48E7-8D35-F8A4AAF449BE}"
EndProject
Project("{9A19103F-16F7-4668-BE54-9A1E7A4F7556}") = "ConsoleClient", "ConsoleClient\ConsoleClient.csproj", "{A43B11DC-77C3-4A59-AD0F-B76742E7A5C0}"
EndProject
Project("{9A19103F-16F7-4668-BE54-9A1E7A4F7556}") = "Altkom.Shopper.Domain", "Altkom.Shopper.Domain\Altkom.Shopper.Domain.csproj", "{01B719CD-07D3-4BA7-9ED8-BA4EF189E50D}"
EndProject
Project("{9A19103F-16F7-4668-BE54-9A1E7A4F7556}") = "Altkom.Shopper.Infrastructure", "Altkom.Shopper.Infrastructure\Altkom.Shopper.Infrastructure.csproj", "{6C9C3DC6-4BB6-4DBB-8346-9068233176AC}"
EndProject
Global
	GlobalSection(SolutionConfigurationPlatforms) = preSolution
		Debug|Any CPU = Debug|Any CPU
		Release|Any CPU = Release|Any CPU
	EndGlobalSection
	GlobalSection(ProjectConfigurationPlatforms) = postSolution
		{96A4923D-EF3C-48E7-8D35-F8A4AAF449BE}.Debug|Any CPU.ActiveCfg = Debug|Any CPU
		{96A4923D-EF3C-48E7-8D35-F8A4AAF449BE}.Debug|Any CPU.Build.0 = Debug|Any CPU
		{96A4923D-EF3C-48E7-8D35-F8A4AAF449BE}.Release|Any CPU.ActiveCfg = Release|Any CPU
		{96A4923D-EF3C-48E7-8D35-F8A4AAF449BE}.Release|Any CPU.Build.0 = Release|Any CPU
		{A43B11DC-77C3-4A59-AD0F-B76742E7A5C0}.Debug|Any CPU.ActiveCfg = Debug|Any CPU
		{A43B11DC-77C3-4A59-AD0F-B76742E7A5C0}.Debug|Any CPU.Build.0 = Debug|Any CPU
		{A43B11DC-77C3-4A59-AD0F-B76742E7A5C0}.Release|Any CPU.ActiveCfg = Release|Any CPU
		{A43B11DC-77C3-4A59-AD0F-B76742E7A5C0}.Release|Any CPU.Build.0 = Release|Any CPU
		{01B719CD-07D3-4BA7-9ED8-BA4EF189E50D}.Debug|Any CPU.ActiveCfg = Debug|Any CPU
		{01B719CD-07D3-4BA7-9ED8-BA4EF189E50D}.Debug|Any CPU.Build.0 = Debug|Any CPU
		{01B719CD-07D3-4BA7-9ED8-BA4EF189E50D}.Release|Any CPU.ActiveCfg = Release|Any CPU
		{01B719CD-07D3-4BA7-9ED8-BA4EF189E50D}.Release|Any CPU.Build.0 = Release|Any CPU
		{6C9C3DC6-4BB6-4DBB-8346-9068233176AC}.Debug|Any CPU.ActiveCfg = Debug|Any CPU
		{6C9C3DC6-4BB6-4DBB-8346-9068233176AC}.Debug|Any CPU.Build.0 = Debug|Any CPU
		{6C9C3DC6-4BB6-4DBB-8346-9068233176AC}.Release|Any CPU.ActiveCfg = Release|Any CPU
		{6C9C3DC6-4BB6-4DBB-8346-9068233176AC}.Release|Any CPU.Build.0 = Release|Any CPU
	EndGlobalSection
	GlobalSection(SolutionProperties) = preSolution
		HideSolutionNode = FALSE
	EndGlobalSection
	GlobalSection(ExtensibilityGlobals) = postSolution
		SolutionGuid = {33DB5004-688A-4BB8-9D0D-BF006A544599}
	EndGlobalSection
EndGlobal
